
Microsoft Visual Studio Solution File, Format Version 12.00
# Visual Studio Version 17
VisualStudioVersion = 17.1.32319.34
MinimumVisualStudioVersion = 10.0.40219.1
Project("{2150E333-8FDC-42A3-9474-1A3956D46DE8}") = "MVC Knowledge Hub Portal", "MVC Knowledge Hub Portal", "{BF8E8B88-9823-4BA0-8F3D-4F7847096868}"
EndProject
Project("{2150E333-8FDC-42A3-9474-1A3956D46DE8}") = "Presentation Layer", "Presentation Layer", "{6C381DFF-AF56-4CB3-AB7B-EE370310018E}"
EndProject
Project("{2150E333-8FDC-42A3-9474-1A3956D46DE8}") = "Domain Layer", "Domain Layer", "{33D44B79-EB4A-44BA-9D07-99EB61ED4B0A}"
EndProject
Project("{2150E333-8FDC-42A3-9474-1A3956D46DE8}") = "Data Layer", "Data Layer", "{2D3B9501-9B81-4B88-8843-5E2F61316AFF}"
EndProject
Project("{9A19103F-16F7-4668-BE54-9A1E7A4F7556}") = "KnowledgeHubPortal.MVCWebApplication", "KnowledgeHubPortal.MVCWebApplication\KnowledgeHubPortal.MVCWebApplication.csproj", "{67A0B480-65BF-4D3C-8224-A42CE80652B1}"
EndProject
Project("{FAE04EC0-301F-11D3-BF4B-00C04F79EFBC}") = "AutoGeneratedWebApplication", "AutoGeneratedWebApplication\AutoGeneratedWebApplication.csproj", "{D96040C2-BBD7-49CD-AAA6-5C38F10A4371}"
EndProject
Project("{FAE04EC0-301F-11D3-BF4B-00C04F79EFBC}") = "BlazorApp1", "BlazorApp1\BlazorApp1.csproj", "{B6CCC824-18E0-4D98-A9C9-C6F7CA975322}"
EndProject
Project("{2150E333-8FDC-42A3-9474-1A3956D46DE8}") = "Web API Demo", "Web API Demo", "{CD3918FA-F116-4D0D-A27D-721D0FF0C750}"
EndProject
Project("{FAE04EC0-301F-11D3-BF4B-00C04F79EFBC}") = "ISTTimeService", "ISTTimeService\ISTTimeService.csproj", "{B812BF9D-2763-433A-83C7-C8622022EE02}"
EndProject
Project("{FAE04EC0-301F-11D3-BF4B-00C04F79EFBC}") = "SuperProductsCatalog.API", "SuperProductsCatalog.API\SuperProductsCatalog.API.csproj", "{CBDA084C-810F-4C80-B0CB-ECF725788440}"
EndProject
Project("{FAE04EC0-301F-11D3-BF4B-00C04F79EFBC}") = "SuperProductsClient", "SuperProductsClient\SuperProductsClient.csproj", "{AB53F067-F09E-4D4A-80FE-1AE55A681D48}"
EndProject
Project("{FAE04EC0-301F-11D3-BF4B-00C04F79EFBC}") = "MusicStore.WebAPI", "MusicStore.WebAPI\MusicStore.WebAPI.csproj", "{8E391BC0-C457-45F9-B818-0AF1735D9268}"
EndProject
Global
	GlobalSection(SolutionConfigurationPlatforms) = preSolution
		Debug|Any CPU = Debug|Any CPU
		Release|Any CPU = Release|Any CPU
	EndGlobalSection
	GlobalSection(ProjectConfigurationPlatforms) = postSolution
		{67A0B480-65BF-4D3C-8224-A42CE80652B1}.Debug|Any CPU.ActiveCfg = Debug|Any CPU
		{67A0B480-65BF-4D3C-8224-A42CE80652B1}.Debug|Any CPU.Build.0 = Debug|Any CPU
		{67A0B480-65BF-4D3C-8224-A42CE80652B1}.Release|Any CPU.ActiveCfg = Release|Any CPU
		{67A0B480-65BF-4D3C-8224-A42CE80652B1}.Release|Any CPU.Build.0 = Release|Any CPU
		{D96040C2-BBD7-49CD-AAA6-5C38F10A4371}.Debug|Any CPU.ActiveCfg = Debug|Any CPU
		{D96040C2-BBD7-49CD-AAA6-5C38F10A4371}.Debug|Any CPU.Build.0 = Debug|Any CPU
		{D96040C2-BBD7-49CD-AAA6-5C38F10A4371}.Release|Any CPU.ActiveCfg = Release|Any CPU
		{D96040C2-BBD7-49CD-AAA6-5C38F10A4371}.Release|Any CPU.Build.0 = Release|Any CPU
		{B6CCC824-18E0-4D98-A9C9-C6F7CA975322}.Debug|Any CPU.ActiveCfg = Debug|Any CPU
		{B6CCC824-18E0-4D98-A9C9-C6F7CA975322}.Debug|Any CPU.Build.0 = Debug|Any CPU
		{B6CCC824-18E0-4D98-A9C9-C6F7CA975322}.Release|Any CPU.ActiveCfg = Release|Any CPU
		{B6CCC824-18E0-4D98-A9C9-C6F7CA975322}.Release|Any CPU.Build.0 = Release|Any CPU
		{B812BF9D-2763-433A-83C7-C8622022EE02}.Debug|Any CPU.ActiveCfg = Debug|Any CPU
		{B812BF9D-2763-433A-83C7-C8622022EE02}.Debug|Any CPU.Build.0 = Debug|Any CPU
		{B812BF9D-2763-433A-83C7-C8622022EE02}.Release|Any CPU.ActiveCfg = Release|Any CPU
		{B812BF9D-2763-433A-83C7-C8622022EE02}.Release|Any CPU.Build.0 = Release|Any CPU
		{CBDA084C-810F-4C80-B0CB-ECF725788440}.Debug|Any CPU.ActiveCfg = Debug|Any CPU
		{CBDA084C-810F-4C80-B0CB-ECF725788440}.Debug|Any CPU.Build.0 = Debug|Any CPU
		{CBDA084C-810F-4C80-B0CB-ECF725788440}.Release|Any CPU.ActiveCfg = Release|Any CPU
		{CBDA084C-810F-4C80-B0CB-ECF725788440}.Release|Any CPU.Build.0 = Release|Any CPU
		{AB53F067-F09E-4D4A-80FE-1AE55A681D48}.Debug|Any CPU.ActiveCfg = Debug|Any CPU
		{AB53F067-F09E-4D4A-80FE-1AE55A681D48}.Debug|Any CPU.Build.0 = Debug|Any CPU
		{AB53F067-F09E-4D4A-80FE-1AE55A681D48}.Release|Any CPU.ActiveCfg = Release|Any CPU
		{AB53F067-F09E-4D4A-80FE-1AE55A681D48}.Release|Any CPU.Build.0 = Release|Any CPU
		{8E391BC0-C457-45F9-B818-0AF1735D9268}.Debug|Any CPU.ActiveCfg = Debug|Any CPU
		{8E391BC0-C457-45F9-B818-0AF1735D9268}.Debug|Any CPU.Build.0 = Debug|Any CPU
		{8E391BC0-C457-45F9-B818-0AF1735D9268}.Release|Any CPU.ActiveCfg = Release|Any CPU
		{8E391BC0-C457-45F9-B818-0AF1735D9268}.Release|Any CPU.Build.0 = Release|Any CPU
	EndGlobalSection
	GlobalSection(SolutionProperties) = preSolution
		HideSolutionNode = FALSE
	EndGlobalSection
	GlobalSection(NestedProjects) = preSolution
		{6C381DFF-AF56-4CB3-AB7B-EE370310018E} = {BF8E8B88-9823-4BA0-8F3D-4F7847096868}
		{33D44B79-EB4A-44BA-9D07-99EB61ED4B0A} = {BF8E8B88-9823-4BA0-8F3D-4F7847096868}
		{2D3B9501-9B81-4B88-8843-5E2F61316AFF} = {BF8E8B88-9823-4BA0-8F3D-4F7847096868}
		{67A0B480-65BF-4D3C-8224-A42CE80652B1} = {6C381DFF-AF56-4CB3-AB7B-EE370310018E}
		{B812BF9D-2763-433A-83C7-C8622022EE02} = {CD3918FA-F116-4D0D-A27D-721D0FF0C750}
		{CBDA084C-810F-4C80-B0CB-ECF725788440} = {CD3918FA-F116-4D0D-A27D-721D0FF0C750}
		{AB53F067-F09E-4D4A-80FE-1AE55A681D48} = {CD3918FA-F116-4D0D-A27D-721D0FF0C750}
		{8E391BC0-C457-45F9-B818-0AF1735D9268} = {CD3918FA-F116-4D0D-A27D-721D0FF0C750}
	EndGlobalSection
	GlobalSection(ExtensibilityGlobals) = postSolution
		SolutionGuid = {3B404AF0-15D2-487F-98BD-1E44C6038861}
	EndGlobalSection
EndGlobal
